{
    "_meta": {
        "hash": {
            "sha256": "44595f8735496245c9abfedb95e47852650b95c492f3d790de51c69fe5c77f46"
        },
        "pipfile-spec": 6,
        "requires": {
            "python_version": "3.13"
        },
        "sources": [
            {
                "name": "pypi",
                "url": "https://pypi.org/simple",
                "verify_ssl": true
            }
        ]
    },
    "default": {
        "attrs": {
            "hashes": [
                "sha256:427318ce031701fea540783410126f03899a97ffc6f61596ad581ac2e40e3bc3",
                "sha256:75d7cefc7fb576747b2c81b4442d4d4a1ce0900973527c011d1030fd3bf4af1b"
            ],
            "index": "pypi",
            "markers": "python_version >= '3.8'",
            "version": "==25.3.0"
        },
        "parsy": {
            "hashes": [
                "sha256:8f18e7b11985e7802e7e3ecbd8291c6ca243d29820b1186e4c84605db4efffa0",
                "sha256:fd5dd18d7b0b61f8275ee88665f430a20c02cf5a82d88557f35330530186d7ac"
            ],
            "index": "pypi",
            "markers": "python_version >= '3.7'",
            "version": "==2.1"
        }
    },
    "develop": {}
}
