version = 1
revision = 2
requires-python = ">=3.10"

[[package]]
name = "attrs"
version = "25.3.0"
source = { registry = "https://pypi.org/simple" }
sdist = { url = "https://files.pythonhosted.org/packages/5a/b0/1367933a8532ee6ff8d63537de4f1177af4bff9f3e829baf7331f595bb24/attrs-25.3.0.tar.gz", hash = "sha256:75d7cefc7fb576747b2c81b4442d4d4a1ce0900973527c011d1030fd3bf4af1b", size = 812032, upload-time = "2025-03-13T11:10:22.779Z" }
wheels = [
    { url = "https://files.pythonhosted.org/packages/77/06/bb80f5f86020c4551da315d78b3ab75e8228f89f0162f2c3a819e407941a/attrs-25.3.0-py3-none-any.whl", hash = "sha256:427318ce031701fea540783410126f03899a97ffc6f61596ad581ac2e40e3bc3", size = 63815, upload-time = "2025-03-13T11:10:21.14Z" },
]

[[package]]
name = "parsy"
version = "2.1"
source = { registry = "https://pypi.org/simple" }
sdist = { url = "https://files.pythonhosted.org/packages/53/ea/e0853951be3b3e0ca41f962971816065b671ac88e257b99abcd0879198ce/parsy-2.1.tar.gz", hash = "sha256:fd5dd18d7b0b61f8275ee88665f430a20c02cf5a82d88557f35330530186d7ac", size = 45252, upload-time = "2023-02-22T15:26:55.628Z" }
wheels = [
    { url = "https://files.pythonhosted.org/packages/b3/05/1c84e2ebd1eb2817d92ae05a917e60e57b1c83f7b89e63c31df2cd6fcb70/parsy-2.1-py3-none-any.whl", hash = "sha256:8f18e7b11985e7802e7e3ecbd8291c6ca243d29820b1186e4c84605db4efffa0", size = 9111, upload-time = "2023-02-22T15:26:53.793Z" },
]

[[package]]
name = "wuwiak"
version = "0.1.0"
source = { editable = "." }
dependencies = [
    { name = "attrs" },
    { name = "parsy" },
]

[package.metadata]
requires-dist = [
    { name = "attrs", specifier = ">=25.3.0" },
    { name = "parsy", specifier = ">=2.1" },
]
